{
    "_readme": [
        "This file locks the dependencies of your project to a known state",
        "Read more about it at https://getcomposer.org/doc/01-basic-usage.md#composer-lock-the-lock-file",
        "This file is @generated automatically"
    ],
    "hash": "c443da917e2ccce67fd2c2cec09eab79",
    "content-hash": "24af518a7b266c05d6a94d1bbea930c9",
    "packages": [
        {
            "name": "nexthemes/documentation",
            "version": "0.2.3",
            "source": {
                "type": "git",
                "url": "git@git.nexthemes.co:wordpress/documentation.git",
                "reference": "6838d696fe2f915c8c1de4d6724609ef3eb804e7"
            },
            "bin": [
                "bin/nex-documentation-post-update.sh"
            ],
            "type": "library",
            "description": "Documentation for Subthemes at NexThemes",
            "time": "2017-06-24 13:04:28"
        },
        {
            "name": "nexthemes/nex",
            "version": "1.2.8",
            "source": {
                "type": "git",
                "url": "git@git.nexthemes.co:wordpress/nex.git",
                "reference": "3da0d9607d033788861b5a267f032ec0597fb1b2"
            },
            "bin": [
                "bin/nex-post-update.sh",
                "bin/nex-get-theme-slug.sh",
                "bin/nex-generate-gitignore.sh",
                "bin/nex-subtheme-build-archive.sh"
            ],
            "type": "library",
            "description": "The Core theme for Subthemes at NexThemes",
            "time": "2017-07-08 18:38:10"
        }
    ],
    "packages-dev": [],
    "aliases": [],
    "minimum-stability": "stable",
    "stability-flags": [],
    "prefer-stable": false,
    "prefer-lowest": false,
    "platform": [],
    "platform-dev": []
}
